{
  "version": "5",
  "specifiers": {
    "npm:hono@^4.9.8": "4.9.8"
  },
  "npm": {
    "hono@4.9.8": {
      "integrity": "sha512-JW8Bb4RFWD9iOKxg5PbUarBYGM99IcxFl2FPBo2gSJO11jjUDqlP1Bmfyqt8Z/dGhIQ63PMA9LdcLefXyIasyg=="
    }
  },
  "workspace": {
    "dependencies": [
      "npm:hono@^4.9.8"
    ]
  }
}
